
Microsoft Visual Studio Solution File, Format Version 12.00
# Visual Studio Version 16
VisualStudioVersion = 16.0.30711.63
MinimumVisualStudioVersion = 10.0.40219.1
Project("{FAE04EC0-301F-11D3-BF4B-00C04F79EFBC}") = "KravchenkoD2_12FIT", "KravchenkoD2_12FIT.csproj", "{5C31DBF3-3C4C-4728-82CD-CEA00EAFC5C6}"
EndProject
Global
	GlobalSection(SolutionConfigurationPlatforms) = preSolution
		Debug|Any CPU = Debug|Any CPU
		Release|Any CPU = Release|Any CPU
	EndGlobalSection
	GlobalSection(ProjectConfigurationPlatforms) = postSolution
		{5C31DBF3-3C4C-4728-82CD-CEA00EAFC5C6}.Debug|Any CPU.ActiveCfg = Debug|Any CPU
		{5C31DBF3-3C4C-4728-82CD-CEA00EAFC5C6}.Debug|Any CPU.Build.0 = Debug|Any CPU
		{5C31DBF3-3C4C-4728-82CD-CEA00EAFC5C6}.Release|Any CPU.ActiveCfg = Release|Any CPU
		{5C31DBF3-3C4C-4728-82CD-CEA00EAFC5C6}.Release|Any CPU.Build.0 = Release|Any CPU
	EndGlobalSection
	GlobalSection(SolutionProperties) = preSolution
		HideSolutionNode = FALSE
	EndGlobalSection
	GlobalSection(ExtensibilityGlobals) = postSolution
		SolutionGuid = {A647B1A2-7D4B-4E08-87CE-BC0A73057540}
	EndGlobalSection
EndGlobal
